// !$*UTF8*$!
{
	archiveVersion = 1;
	classes = {
	};
	objectVersion = 50;
	objects = {

/* Begin PBXBuildFile section */
		661EE07C22D89ED30043661F /* ResultViewController.swift in Sources */ = {isa = PBXBuildFile; fileRef = 661EE07B22D89ED30043661F /* ResultViewController.swift */; };
		66BDB84222D81B1700610A9E /* AppDelegate.swift in Sources */ = {isa = PBXBuildFile; fileRef = 66BDB84122D81B1700610A9E /* AppDelegate.swift */; };
		66BDB84422D81B1700610A9E /* ViewController.swift in Sources */ = {isa = PBXBuildFile; fileRef = 66BDB84322D81B1700610A9E /* ViewController.swift */; };
		66BDB84722D81B1700610A9E /* Main.storyboard in Resources */ = {isa = PBXBuildFile; fileRef = 66BDB84522D81B1700610A9E /* Main.storyboard */; };
		66BDB84922D81B1800610A9E /* Assets.xcassets in Resources */ = {isa = PBXBuildFile; fileRef = 66BDB84822D81B1800610A9E /* Assets.xcassets */; };
		66BDB84C22D81B1800610A9E /* LaunchScreen.storyboard in Resources */ = {isa = PBXBuildFile; fileRef = 66BDB84A22D81B1800610A9E /* LaunchScreen.storyboard */; };
		66BDB85422D83D9F00610A9E /* ResultTableViewController.swift in Sources */ = {isa = PBXBuildFile; fileRef = 66BDB85322D83D9F00610A9E /* ResultTableViewController.swift */; };
/* End PBXBuildFile section */

/* Begin PBXFileReference section */
		661EE07B22D89ED30043661F /* ResultViewController.swift */ = {isa = PBXFileReference; lastKnownFileType = sourcecode.swift; path = ResultViewController.swift; sourceTree = "<group>"; };
		66BDB83E22D81B1700610A9E /* MC2Haris.app */ = {isa = PBXFileReference; explicitFileType = wrapper.application; includeInIndex = 0; path = MC2Haris.app; sourceTree = BUILT_PRODUCTS_DIR; };
		66BDB84122D81B1700610A9E /* AppDelegate.swift */ = {isa = PBXFileReference; lastKnownFileType = sourcecode.swift; path = AppDelegate.swift; sourceTree = "<group>"; };
		66BDB84322D81B1700610A9E /* ViewController.swift */ = {isa = PBXFileReference; lastKnownFileType = sourcecode.swift; path = ViewController.swift; sourceTree = "<group>"; };
		66BDB84622D81B1700610A9E /* Base */ = {isa = PBXFileReference; lastKnownFileType = file.storyboard; name = Base; path = Base.lproj/Main.storyboard; sourceTree = "<group>"; };
		66BDB84822D81B1800610A9E /* Assets.xcassets */ = {isa = PBXFileReference; lastKnownFileType = folder.assetcatalog; path = Assets.xcassets; sourceTree = "<group>"; };
		66BDB84B22D81B1800610A9E /* Base */ = {isa = PBXFileReference; lastKnownFileType = file.storyboard; name = Base; path = Base.lproj/LaunchScreen.storyboard; sourceTree = "<group>"; };
		66BDB84D22D81B1800610A9E /* Info.plist */ = {isa = PBXFileReference; lastKnownFileType = text.plist.xml; path = Info.plist; sourceTree = "<group>"; };
		66BDB85322D83D9F00610A9E /* ResultTableViewController.swift */ = {isa = PBXFileReference; lastKnownFileType = sourcecode.swift; path = ResultTableViewController.swift; sourceTree = "<group>"; };
/* End PBXFileReference section */

/* Begin PBXFrameworksBuildPhase section */
		66BDB83B22D81B1700610A9E /* Frameworks */ = {
			isa = PBXFrameworksBuildPhase;
			buildActionMask = 2147483647;
			files = (
			);
			runOnlyForDeploymentPostprocessing = 0;
		};
/* End PBXFrameworksBuildPhase section */

/* Begin PBXGroup section */
		66BDB83522D81B1700610A9E = {
			isa = PBXGroup;
			children = (
				66BDB84022D81B1700610A9E /* MC2Haris */,
				66BDB83F22D81B1700610A9E /* Products */,
			);
			sourceTree = "<group>";
		};
		66BDB83F22D81B1700610A9E /* Products */ = {
			isa = PBXGroup;
			children = (
				66BDB83E22D81B1700610A9E /* MC2Haris.app */,
			);
			name = Products;
			sourceTree = "<group>";
		};
		66BDB84022D81B1700610A9E /* MC2Haris */ = {
			isa = PBXGroup;
			children = (
				66BDB84122D81B1700610A9E /* AppDelegate.swift */,
				66BDB84322D81B1700610A9E /* ViewController.swift */,
				66BDB84522D81B1700610A9E /* Main.storyboard */,
				661EE07B22D89ED30043661F /* ResultViewController.swift */,
				66BDB85322D83D9F00610A9E /* ResultTableViewController.swift */,
				66BDB84822D81B1800610A9E /* Assets.xcassets */,
				66BDB84A22D81B1800610A9E /* LaunchScreen.storyboard */,
				66BDB84D22D81B1800610A9E /* Info.plist */,
			);
			path = MC2Haris;
			sourceTree = "<group>";
		};
/* End PBXGroup section */

/* Begin PBXNativeTarget section */
		66BDB83D22D81B1700610A9E /* MC2Haris */ = {
			isa = PBXNativeTarget;
			buildConfigurationList = 66BDB85022D81B1800610A9E /* Build configuration list for PBXNativeTarget "MC2Haris" */;
			buildPhases = (
				66BDB83A22D81B1700610A9E /* Sources */,
				66BDB83B22D81B1700610A9E /* Frameworks */,
				66BDB83C22D81B1700610A9E /* Resources */,
			);
			buildRules = (
			);
			dependencies = (
			);
			name = MC2Haris;
			productName = MC2Haris;
			productReference = 66BDB83E22D81B1700610A9E /* MC2Haris.app */;
			productType = "com.apple.product-type.application";
		};
/* End PBXNativeTarget section */

/* Begin PBXProject section */
		66BDB83622D81B1700610A9E /* Project object */ = {
			isa = PBXProject;
			attributes = {
				LastSwiftUpdateCheck = 1020;
				LastUpgradeCheck = 1020;
				ORGANIZATIONNAME = "Haris Shobaruddin Robbani";
				TargetAttributes = {
					66BDB83D22D81B1700610A9E = {
						CreatedOnToolsVersion = 10.2.1;
					};
				};
			};
			buildConfigurationList = 66BDB83922D81B1700610A9E /* Build configuration list for PBXProject "MC2Haris" */;
			compatibilityVersion = "Xcode 9.3";
			developmentRegion = en;
			hasScannedForEncodings = 0;
			knownRegions = (
				en,
				Base,
			);
			mainGroup = 66BDB83522D81B1700610A9E;
			productRefGroup = 66BDB83F22D81B1700610A9E /* Products */;
			projectDirPath = "";
			projectRoot = "";
			targets = (
				66BDB83D22D81B1700610A9E /* MC2Haris */,
			);
		};
/* End PBXProject section */

/* Begin PBXResourcesBuildPhase section */
		66BDB83C22D81B1700610A9E /* Resources */ = {
			isa = PBXResourcesBuildPhase;
			buildActionMask = 2147483647;
			files = (
				66BDB84C22D81B1800610A9E /* LaunchScreen.storyboard in Resources */,
				66BDB84922D81B1800610A9E /* Assets.xcassets in Resources */,
				66BDB84722D81B1700610A9E /* Main.storyboard in Resources */,
			);
			runOnlyForDeploymentPostprocessing = 0;
		};
/* End PBXResourcesBuildPhase section */

/* Begin PBXSourcesBuildPhase section */
		66BDB83A22D81B1700610A9E /* Sources */ = {
			isa = PBXSourcesBuildPhase;
			buildActionMask = 2147483647;
			files = (
				66BDB84422D81B1700610A9E /* ViewController.swift in Sources */,
				66BDB84222D81B1700610A9E /* AppDelegate.swift in Sources */,
				66BDB85422D83D9F00610A9E /* ResultTableViewController.swift in Sources */,
				661EE07C22D89ED30043661F /* ResultViewController.swift in Sources */,
			);
			runOnlyForDeploymentPostprocessing = 0;
		};
/* End PBXSourcesBuildPhase section */

/* Begin PBXVariantGroup section */
		66BDB84522D81B1700610A9E /* Main.storyboard */ = {
			isa = PBXVariantGroup;
			children = (
				66BDB84622D81B1700610A9E /* Base */,
			);
			name = Main.storyboard;
			sourceTree = "<group>";
		};
		66BDB84A22D81B1800610A9E /* LaunchScreen.storyboard */ = {
			isa = PBXVariantGroup;
			children = (
				66BDB84B22D81B1800610A9E /* Base */,
			);
			name = LaunchScreen.storyboard;
			sourceTree = "<group>";
		};
/* End PBXVariantGroup section */

/* Begin XCBuildConfiguration section */
		66BDB84E22D81B1800610A9E /* Debug */ = {
			isa = XCBuildConfiguration;
			buildSettings = {
				ALWAYS_SEARCH_USER_PATHS = NO;
				CLANG_ANALYZER_NONNULL = YES;
				CLANG_ANALYZER_NUMBER_OBJECT_CONVERSION = YES_AGGRESSIVE;
				CLANG_CXX_LANGUAGE_STANDARD = "gnu++14";
				CLANG_CXX_LIBRARY = "libc++";
				CLANG_ENABLE_MODULES = YES;
				CLANG_ENABLE_OBJC_ARC = YES;
				CLANG_ENABLE_OBJC_WEAK = YES;
				CLANG_WARN_BLOCK_CAPTURE_AUTORELEASING = YES;
				CLANG_WARN_BOOL_CONVERSION = YES;
				CLANG_WARN_COMMA = YES;
				CLANG_WARN_CONSTANT_CONVERSION = YES;
				CLANG_WARN_DEPRECATED_OBJC_IMPLEMENTATIONS = YES;
				CLANG_WARN_DIRECT_OBJC_ISA_USAGE = YES_ERROR;
				CLANG_WARN_DOCUMENTATION_COMMENTS = YES;
				CLANG_WARN_EMPTY_BODY = YES;
				CLANG_WARN_ENUM_CONVERSION = YES;
				CLANG_WARN_INFINITE_RECURSION = YES;
				CLANG_WARN_INT_CONVERSION = YES;
				CLANG_WARN_NON_LITERAL_NULL_CONVERSION = YES;
				CLANG_WARN_OBJC_IMPLICIT_RETAIN_SELF = YES;
				CLANG_WARN_OBJC_LITERAL_CONVERSION = YES;
				CLANG_WARN_OBJC_ROOT_CLASS = YES_ERROR;
				CLANG_WARN_RANGE_LOOP_ANALYSIS = YES;
				CLANG_WARN_STRICT_PROTOTYPES = YES;
				CLANG_WARN_SUSPICIOUS_MOVE = YES;
				CLANG_WARN_UNGUARDED_AVAILABILITY = YES_AGGRESSIVE;
				CLANG_WARN_UNREACHABLE_CODE = YES;
				CLANG_WARN__DUPLICATE_METHOD_MATCH = YES;
				CODE_SIGN_IDENTITY = "iPhone Developer";
				COPY_PHASE_STRIP = NO;
				DEBUG_INFORMATION_FORMAT = dwarf;
				ENABLE_STRICT_OBJC_MSGSEND = YES;
				ENABLE_TESTABILITY = YES;
				GCC_C_LANGUAGE_STANDARD = gnu11;
				GCC_DYNAMIC_NO_PIC = NO;
				GCC_NO_COMMON_BLOCKS = YES;
				GCC_OPTIMIZATION_LEVEL = 0;
				GCC_PREPROCESSOR_DEFINITIONS = (
					"DEBUG=1",
					"$(inherited)",
				);
				GCC_WARN_64_TO_32_BIT_CONVERSION = YES;
				GCC_WARN_ABOUT_RETURN_TYPE = YES_ERROR;
				GCC_WARN_UNDECLARED_SELECTOR = YES;
				GCC_WARN_UNINITIALIZED_AUTOS = YES_AGGRESSIVE;
				GCC_WARN_UNUSED_FUNCTION = YES;
				GCC_WARN_UNUSED_VARIABLE = YES;
				IPHONEOS_DEPLOYMENT_TARGET = 12.2;
				MTL_ENABLE_DEBUG_INFO = INCLUDE_SOURCE;
				MTL_FAST_MATH = YES;
				ONLY_ACTIVE_ARCH = YES;
				SDKROOT = iphoneos;
				SWIFT_ACTIVE_COMPILATION_CONDITIONS = DEBUG;
				SWIFT_OPTIMIZATION_LEVEL = "-Onone";
			};
			name = Debug;
		};
		66BDB84F22D81B1800610A9E /* Release */ = {
			isa = XCBuildConfiguration;
			buildSettings = {
				ALWAYS_SEARCH_USER_PATHS = NO;
				CLANG_ANALYZER_NONNULL = YES;
				CLANG_ANALYZER_NUMBER_OBJECT_CONVERSION = YES_AGGRESSIVE;
				CLANG_CXX_LANGUAGE_STANDARD = "gnu++14";
				CLANG_CXX_LIBRARY = "libc++";
				CLANG_ENABLE_MODULES = YES;
				CLANG_ENABLE_OBJC_ARC = YES;
				CLANG_ENABLE_OBJC_WEAK = YES;
				CLANG_WARN_BLOCK_CAPTURE_AUTORELEASING = YES;
				CLANG_WARN_BOOL_CONVERSION = YES;
				CLANG_WARN_COMMA = YES;
				CLANG_WARN_CONSTANT_CONVERSION = YES;
				CLANG_WARN_DEPRECATED_OBJC_IMPLEMENTATIONS = YES;
				CLANG_WARN_DIRECT_OBJC_ISA_USAGE = YES_ERROR;
				CLANG_WARN_DOCUMENTATION_COMMENTS = YES;
				CLANG_WARN_EMPTY_BODY = YES;
				CLANG_WARN_ENUM_CONVERSION = YES;
				CLANG_WARN_INFINITE_RECURSION = YES;
				CLANG_WARN_INT_CONVERSION = YES;
				CLANG_WARN_NON_LITERAL_NULL_CONVERSION = YES;
				CLANG_WARN_OBJC_IMPLICIT_RETAIN_SELF = YES;
				CLANG_WARN_OBJC_LITERAL_CONVERSION = YES;
				CLANG_WARN_OBJC_ROOT_CLASS = YES_ERROR;
				CLANG_WARN_RANGE_LOOP_ANALYSIS = YES;
				CLANG_WARN_STRICT_PROTOTYPES = YES;
				CLANG_WARN_SUSPICIOUS_MOVE = YES;
				CLANG_WARN_UNGUARDED_AVAILABILITY = YES_AGGRESSIVE;
				CLANG_WARN_UNREACHABLE_CODE = YES;
				CLANG_WARN__DUPLICATE_METHOD_MATCH = YES;
				CODE_SIGN_IDENTITY = "iPhone Developer";
				COPY_PHASE_STRIP = NO;
				DEBUG_INFORMATION_FORMAT = "dwarf-with-dsym";
				ENABLE_NS_ASSERTIONS = NO;
				ENABLE_STRICT_OBJC_MSGSEND = YES;
				GCC_C_LANGUAGE_STANDARD = gnu11;
				GCC_NO_COMMON_BLOCKS = YES;
				GCC_WARN_64_TO_32_BIT_CONVERSION = YES;
				GCC_WARN_ABOUT_RETURN_TYPE = YES_ERROR;
				GCC_WARN_UNDECLARED_SELECTOR = YES;
				GCC_WARN_UNINITIALIZED_AUTOS = YES_AGGRESSIVE;
				GCC_WARN_UNUSED_FUNCTION = YES;
				GCC_WARN_UNUSED_VARIABLE = YES;
				IPHONEOS_DEPLOYMENT_TARGET = 12.2;
				MTL_ENABLE_DEBUG_INFO = NO;
				MTL_FAST_MATH = YES;
				SDKROOT = iphoneos;
				SWIFT_COMPILATION_MODE = wholemodule;
				SWIFT_OPTIMIZATION_LEVEL = "-O";
				VALIDATE_PRODUCT = YES;
			};
			name = Release;
		};
		66BDB85122D81B1800610A9E /* Debug */ = {
			isa = XCBuildConfiguration;
			buildSettings = {
				ASSETCATALOG_COMPILER_APPICON_NAME = AppIcon;
				CODE_SIGN_STYLE = Automatic;
				DEVELOPMENT_TEAM = D77W59ZN98;
				INFOPLIST_FILE = MC2Haris/Info.plist;
				LD_RUNPATH_SEARCH_PATHS = (
					"$(inherited)",
					"@executable_path/Frameworks",
				);
				PRODUCT_BUNDLE_IDENTIFIER = com.haris.MC2Haris;
				PRODUCT_NAME = "$(TARGET_NAME)";
				SWIFT_VERSION = 5.0;
				TARGETED_DEVICE_FAMILY = "1,2";
			};
			name = Debug;
		};
		66BDB85222D81B1800610A9E /* Release */ = {
			isa = XCBuildConfiguration;
			buildSettings = {
				ASSETCATALOG_COMPILER_APPICON_NAME = AppIcon;
				CODE_SIGN_STYLE = Automatic;
				DEVELOPMENT_TEAM = D77W59ZN98;
				INFOPLIST_FILE = MC2Haris/Info.plist;
				LD_RUNPATH_SEARCH_PATHS = (
					"$(inherited)",
					"@executable_path/Frameworks",
				);
				PRODUCT_BUNDLE_IDENTIFIER = com.haris.MC2Haris;
				PRODUCT_NAME = "$(TARGET_NAME)";
				SWIFT_VERSION = 5.0;
				TARGETED_DEVICE_FAMILY = "1,2";
			};
			name = Release;
		};
/* End XCBuildConfiguration section */

/* Begin XCConfigurationList section */
		66BDB83922D81B1700610A9E /* Build configuration list for PBXProject "MC2Haris" */ = {
			isa = XCConfigurationList;
			buildConfigurations = (
				66BDB84E22D81B1800610A9E /* Debug */,
				66BDB84F22D81B1800610A9E /* Release */,
			);
			defaultConfigurationIsVisible = 0;
			defaultConfigurationName = Release;
		};
		66BDB85022D81B1800610A9E /* Build configuration list for PBXNativeTarget "MC2Haris" */ = {
			isa = XCConfigurationList;
			buildConfigurations = (
				66BDB85122D81B1800610A9E /* Debug */,
				66BDB85222D81B1800610A9E /* Release */,
			);
			defaultConfigurationIsVisible = 0;
			defaultConfigurationName = Release;
		};
/* End XCConfigurationList section */
	};
	rootObject = 66BDB83622D81B1700610A9E /* Project object */;
}
